// !$*UTF8*$!
{
	archiveVersion = 1;
	classes = {
	};
	objectVersion = 77;
	objects = {

/* Begin PBXBuildFile section */
		DB1F39C02D664C9800296B91 /* SearchView.swift in Sources */ = {isa = PBXBuildFile; fileRef = DB1F39BF2D664C9400296B91 /* SearchView.swift */; };
		DB1F39C52D665A5F00296B91 /* SearchResultsViewController.swift in Sources */ = {isa = PBXBuildFile; fileRef = DB1F39C42D665A5F00296B91 /* SearchResultsViewController.swift */; };
		DB1F39C72D665ABA00296B91 /* SearchResultsViewModel.swift in Sources */ = {isa = PBXBuildFile; fileRef = DB1F39C62D665A9900296B91 /* SearchResultsViewModel.swift */; };
		DB1F39CA2D665D0800296B91 /* SearchResultsView.swift in Sources */ = {isa = PBXBuildFile; fileRef = DB1F39C92D665D0100296B91 /* SearchResultsView.swift */; };
		DB1F39CC2D665ECC00296B91 /* SearchResultCell.swift in Sources */ = {isa = PBXBuildFile; fileRef = DB1F39CB2D665ECA00296B91 /* SearchResultCell.swift */; };
		DB1F39CF2D6668A600296B91 /* SearchResultDetailViewController.swift in Sources */ = {isa = PBXBuildFile; fileRef = DB1F39CE2D6668A600296B91 /* SearchResultDetailViewController.swift */; };
		DB1F39D12D6668B700296B91 /* SearchResultDetailViewModel.swift in Sources */ = {isa = PBXBuildFile; fileRef = DB1F39D02D6668B000296B91 /* SearchResultDetailViewModel.swift */; };
		DB1F39D42D6668D000296B91 /* SearchResultDetailView.swift in Sources */ = {isa = PBXBuildFile; fileRef = DB1F39D32D6668CF00296B91 /* SearchResultDetailView.swift */; };
		DB21E3FA2D6773C0003CEAC1 /* SearchResult.swift in Sources */ = {isa = PBXBuildFile; fileRef = DB21E3F92D6773BF003CEAC1 /* SearchResult.swift */; };
		DBAD4C472D6678E100E1BE60 /* CustomCenteredAlertView.swift in Sources */ = {isa = PBXBuildFile; fileRef = DBAD4C462D6678DF00E1BE60 /* CustomCenteredAlertView.swift */; };
		DBAD4C4A2D668F6A00E1BE60 /* CustomCenteredAlertViewController.swift in Sources */ = {isa = PBXBuildFile; fileRef = DBAD4C492D668F6A00E1BE60 /* CustomCenteredAlertViewController.swift */; };
		DBAD4C4C2D6692B400E1BE60 /* CustomCenteredAlertViewModel.swift in Sources */ = {isa = PBXBuildFile; fileRef = DBAD4C4B2D6692A500E1BE60 /* CustomCenteredAlertViewModel.swift */; };
		DBF865392D65F62F0098BF48 /* AppDelegate.swift in Sources */ = {isa = PBXBuildFile; fileRef = DBF865382D65F62F0098BF48 /* AppDelegate.swift */; };
		DBF865422D65F6310098BF48 /* Assets.xcassets in Resources */ = {isa = PBXBuildFile; fileRef = DBF865412D65F6310098BF48 /* Assets.xcassets */; };
		DBF865452D65F6310098BF48 /* LaunchScreen.storyboard in Resources */ = {isa = PBXBuildFile; fileRef = DBF865432D65F6310098BF48 /* LaunchScreen.storyboard */; };
		DBF8654F2D65FA470098BF48 /* TabbarController.swift in Sources */ = {isa = PBXBuildFile; fileRef = DBF8654E2D65FA400098BF48 /* TabbarController.swift */; };
		DBF865572D65FB810098BF48 /* SavedViewController.swift in Sources */ = {isa = PBXBuildFile; fileRef = DBF865562D65FB810098BF48 /* SavedViewController.swift */; };
		DBF865592D65FB960098BF48 /* LocationViewController.swift in Sources */ = {isa = PBXBuildFile; fileRef = DBF865582D65FB960098BF48 /* LocationViewController.swift */; };
		DBF8655C2D65FC610098BF48 /* Coordinator.swift in Sources */ = {isa = PBXBuildFile; fileRef = DBF8655B2D65FC5A0098BF48 /* Coordinator.swift */; };
		DBF8655E2D65FC780098BF48 /* SavedCoordinator.swift in Sources */ = {isa = PBXBuildFile; fileRef = DBF8655D2D65FC700098BF48 /* SavedCoordinator.swift */; };
		DBF865602D65FC9F0098BF48 /* LocationCoordinator.swift in Sources */ = {isa = PBXBuildFile; fileRef = DBF8655F2D65FC980098BF48 /* LocationCoordinator.swift */; };
		DBF865622D65FCFE0098BF48 /* SavedViewModel.swift in Sources */ = {isa = PBXBuildFile; fileRef = DBF865612D65FCF70098BF48 /* SavedViewModel.swift */; };
		DBF865642D65FD6A0098BF48 /* LocationViewModel.swift in Sources */ = {isa = PBXBuildFile; fileRef = DBF865632D65FD640098BF48 /* LocationViewModel.swift */; };
		DBF865672D66039A0098BF48 /* SavedView.swift in Sources */ = {isa = PBXBuildFile; fileRef = DBF865662D6603950098BF48 /* SavedView.swift */; };
		DBF865692D6603AD0098BF48 /* SavedTableVIewCell.swift in Sources */ = {isa = PBXBuildFile; fileRef = DBF865682D6603A40098BF48 /* SavedTableVIewCell.swift */; };
		DBF8656C2D6604C40098BF48 /* Ex-CALayer.swift in Sources */ = {isa = PBXBuildFile; fileRef = DBF8656B2D6604BF0098BF48 /* Ex-CALayer.swift */; };
		DBF8656E2D66050E0098BF48 /* Ex-UITableView.swift in Sources */ = {isa = PBXBuildFile; fileRef = DBF8656D2D6604FB0098BF48 /* Ex-UITableView.swift */; };
		DBF865702D6605290098BF48 /* Ex-Reusable.swift in Sources */ = {isa = PBXBuildFile; fileRef = DBF8656F2D6605280098BF48 /* Ex-Reusable.swift */; };
		E6A3E450484C46450C87ECC7 /* Pods_Yandex_Maps_Test.framework in Frameworks */ = {isa = PBXBuildFile; fileRef = EA8DDB6654BC64F612B4C64A /* Pods_Yandex_Maps_Test.framework */; };
/* End PBXBuildFile section */

/* Begin PBXFileReference section */
		19503C9EB164C22D18156937 /* Pods-Yandex Maps Test.release.xcconfig */ = {isa = PBXFileReference; includeInIndex = 1; lastKnownFileType = text.xcconfig; name = "Pods-Yandex Maps Test.release.xcconfig"; path = "Target Support Files/Pods-Yandex Maps Test/Pods-Yandex Maps Test.release.xcconfig"; sourceTree = "<group>"; };
		5FB271D13A2D9DB0527EB453 /* Pods-Yandex Maps Test.debug.xcconfig */ = {isa = PBXFileReference; includeInIndex = 1; lastKnownFileType = text.xcconfig; name = "Pods-Yandex Maps Test.debug.xcconfig"; path = "Target Support Files/Pods-Yandex Maps Test/Pods-Yandex Maps Test.debug.xcconfig"; sourceTree = "<group>"; };
		DB1F39BF2D664C9400296B91 /* SearchView.swift */ = {isa = PBXFileReference; lastKnownFileType = sourcecode.swift; path = SearchView.swift; sourceTree = "<group>"; };
		DB1F39C42D665A5F00296B91 /* SearchResultsViewController.swift */ = {isa = PBXFileReference; lastKnownFileType = sourcecode.swift; path = SearchResultsViewController.swift; sourceTree = "<group>"; };
		DB1F39C62D665A9900296B91 /* SearchResultsViewModel.swift */ = {isa = PBXFileReference; lastKnownFileType = sourcecode.swift; path = SearchResultsViewModel.swift; sourceTree = "<group>"; };
		DB1F39C92D665D0100296B91 /* SearchResultsView.swift */ = {isa = PBXFileReference; lastKnownFileType = sourcecode.swift; path = SearchResultsView.swift; sourceTree = "<group>"; };
		DB1F39CB2D665ECA00296B91 /* SearchResultCell.swift */ = {isa = PBXFileReference; lastKnownFileType = sourcecode.swift; path = SearchResultCell.swift; sourceTree = "<group>"; };
		DB1F39CE2D6668A600296B91 /* SearchResultDetailViewController.swift */ = {isa = PBXFileReference; lastKnownFileType = sourcecode.swift; path = SearchResultDetailViewController.swift; sourceTree = "<group>"; };
		DB1F39D02D6668B000296B91 /* SearchResultDetailViewModel.swift */ = {isa = PBXFileReference; lastKnownFileType = sourcecode.swift; path = SearchResultDetailViewModel.swift; sourceTree = "<group>"; };
		DB1F39D32D6668CF00296B91 /* SearchResultDetailView.swift */ = {isa = PBXFileReference; lastKnownFileType = sourcecode.swift; path = SearchResultDetailView.swift; sourceTree = "<group>"; };
		DB21E3F92D6773BF003CEAC1 /* SearchResult.swift */ = {isa = PBXFileReference; lastKnownFileType = sourcecode.swift; path = SearchResult.swift; sourceTree = "<group>"; };
		DB862CC82D66256900B4FA50 /* SystemConfiguration.framework */ = {isa = PBXFileReference; lastKnownFileType = wrapper.framework; name = SystemConfiguration.framework; path = System/Library/Frameworks/SystemConfiguration.framework; sourceTree = SDKROOT; };
		DBAD4C462D6678DF00E1BE60 /* CustomCenteredAlertView.swift */ = {isa = PBXFileReference; lastKnownFileType = sourcecode.swift; path = CustomCenteredAlertView.swift; sourceTree = "<group>"; };
		DBAD4C492D668F6A00E1BE60 /* CustomCenteredAlertViewController.swift */ = {isa = PBXFileReference; lastKnownFileType = sourcecode.swift; path = CustomCenteredAlertViewController.swift; sourceTree = "<group>"; };
		DBAD4C4B2D6692A500E1BE60 /* CustomCenteredAlertViewModel.swift */ = {isa = PBXFileReference; lastKnownFileType = sourcecode.swift; path = CustomCenteredAlertViewModel.swift; sourceTree = "<group>"; };
		DBF865352D65F62F0098BF48 /* Yandex Maps Test.app */ = {isa = PBXFileReference; explicitFileType = wrapper.application; includeInIndex = 0; path = "Yandex Maps Test.app"; sourceTree = BUILT_PRODUCTS_DIR; };
		DBF865382D65F62F0098BF48 /* AppDelegate.swift */ = {isa = PBXFileReference; lastKnownFileType = sourcecode.swift; path = AppDelegate.swift; sourceTree = "<group>"; };
		DBF865412D65F6310098BF48 /* Assets.xcassets */ = {isa = PBXFileReference; lastKnownFileType = folder.assetcatalog; path = Assets.xcassets; sourceTree = "<group>"; };
		DBF865442D65F6310098BF48 /* Base */ = {isa = PBXFileReference; lastKnownFileType = file.storyboard; name = Base; path = Base.lproj/LaunchScreen.storyboard; sourceTree = "<group>"; };
		DBF865462D65F6310098BF48 /* Info.plist */ = {isa = PBXFileReference; lastKnownFileType = text.plist.xml; path = Info.plist; sourceTree = "<group>"; };
		DBF8654E2D65FA400098BF48 /* TabbarController.swift */ = {isa = PBXFileReference; lastKnownFileType = sourcecode.swift; path = TabbarController.swift; sourceTree = "<group>"; };
		DBF865562D65FB810098BF48 /* SavedViewController.swift */ = {isa = PBXFileReference; lastKnownFileType = sourcecode.swift; path = SavedViewController.swift; sourceTree = "<group>"; };
		DBF865582D65FB960098BF48 /* LocationViewController.swift */ = {isa = PBXFileReference; lastKnownFileType = sourcecode.swift; path = LocationViewController.swift; sourceTree = "<group>"; };
		DBF8655B2D65FC5A0098BF48 /* Coordinator.swift */ = {isa = PBXFileReference; lastKnownFileType = sourcecode.swift; path = Coordinator.swift; sourceTree = "<group>"; };
		DBF8655D2D65FC700098BF48 /* SavedCoordinator.swift */ = {isa = PBXFileReference; lastKnownFileType = sourcecode.swift; path = SavedCoordinator.swift; sourceTree = "<group>"; };
		DBF8655F2D65FC980098BF48 /* LocationCoordinator.swift */ = {isa = PBXFileReference; lastKnownFileType = sourcecode.swift; path = LocationCoordinator.swift; sourceTree = "<group>"; };
		DBF865612D65FCF70098BF48 /* SavedViewModel.swift */ = {isa = PBXFileReference; lastKnownFileType = sourcecode.swift; path = SavedViewModel.swift; sourceTree = "<group>"; };
		DBF865632D65FD640098BF48 /* LocationViewModel.swift */ = {isa = PBXFileReference; lastKnownFileType = sourcecode.swift; path = LocationViewModel.swift; sourceTree = "<group>"; };
		DBF865662D6603950098BF48 /* SavedView.swift */ = {isa = PBXFileReference; lastKnownFileType = sourcecode.swift; path = SavedView.swift; sourceTree = "<group>"; };
		DBF865682D6603A40098BF48 /* SavedTableVIewCell.swift */ = {isa = PBXFileReference; lastKnownFileType = sourcecode.swift; path = SavedTableVIewCell.swift; sourceTree = "<group>"; };
		DBF8656B2D6604BF0098BF48 /* Ex-CALayer.swift */ = {isa = PBXFileReference; lastKnownFileType = sourcecode.swift; path = "Ex-CALayer.swift"; sourceTree = "<group>"; };
		DBF8656D2D6604FB0098BF48 /* Ex-UITableView.swift */ = {isa = PBXFileReference; lastKnownFileType = sourcecode.swift; path = "Ex-UITableView.swift"; sourceTree = "<group>"; };
		DBF8656F2D6605280098BF48 /* Ex-Reusable.swift */ = {isa = PBXFileReference; lastKnownFileType = sourcecode.swift; path = "Ex-Reusable.swift"; sourceTree = "<group>"; };
		EA8DDB6654BC64F612B4C64A /* Pods_Yandex_Maps_Test.framework */ = {isa = PBXFileReference; explicitFileType = wrapper.framework; includeInIndex = 0; path = Pods_Yandex_Maps_Test.framework; sourceTree = BUILT_PRODUCTS_DIR; };
/* End PBXFileReference section */

/* Begin PBXFrameworksBuildPhase section */
		DBF865322D65F62F0098BF48 /* Frameworks */ = {
			isa = PBXFrameworksBuildPhase;
			buildActionMask = 2147483647;
			files = (
				E6A3E450484C46450C87ECC7 /* Pods_Yandex_Maps_Test.framework in Frameworks */,
			);
			runOnlyForDeploymentPostprocessing = 0;
		};
/* End PBXFrameworksBuildPhase section */

/* Begin PBXGroup section */
		DB1F39BE2D664C8800296B91 /* VIew */ = {
			isa = PBXGroup;
			children = (
				DB1F39BF2D664C9400296B91 /* SearchView.swift */,
			);
			path = VIew;
			sourceTree = "<group>";
		};
		DB1F39C32D665A3D00296B91 /* SearchResults */ = {
			isa = PBXGroup;
			children = (
				DB1F39C42D665A5F00296B91 /* SearchResultsViewController.swift */,
				DB1F39C62D665A9900296B91 /* SearchResultsViewModel.swift */,
				DB1F39C82D665CF600296B91 /* View */,
			);
			path = SearchResults;
			sourceTree = "<group>";
		};
		DB1F39C82D665CF600296B91 /* View */ = {
			isa = PBXGroup;
			children = (
				DB1F39C92D665D0100296B91 /* SearchResultsView.swift */,
				DB1F39CB2D665ECA00296B91 /* SearchResultCell.swift */,
			);
			path = View;
			sourceTree = "<group>";
		};
		DB1F39CD2D66686F00296B91 /* SearchResultDetail */ = {
			isa = PBXGroup;
			children = (
				DB1F39CE2D6668A600296B91 /* SearchResultDetailViewController.swift */,
				DB1F39D02D6668B000296B91 /* SearchResultDetailViewModel.swift */,
				DB1F39D22D6668BE00296B91 /* View */,
			);
			path = SearchResultDetail;
			sourceTree = "<group>";
		};
		DB1F39D22D6668BE00296B91 /* View */ = {
			isa = PBXGroup;
			children = (
				DB1F39D32D6668CF00296B91 /* SearchResultDetailView.swift */,
			);
			path = View;
			sourceTree = "<group>";
		};
		DB862CC72D66256800B4FA50 /* Frameworks */ = {
			isa = PBXGroup;
			children = (
				DB862CC82D66256900B4FA50 /* SystemConfiguration.framework */,
				EA8DDB6654BC64F612B4C64A /* Pods_Yandex_Maps_Test.framework */,
			);
			name = Frameworks;
			sourceTree = "<group>";
		};
		DBAD4C482D668F1B00E1BE60 /* CustomCenteredAlertView */ = {
			isa = PBXGroup;
			children = (
				DBAD4C492D668F6A00E1BE60 /* CustomCenteredAlertViewController.swift */,
				DBAD4C4B2D6692A500E1BE60 /* CustomCenteredAlertViewModel.swift */,
				DBAD4C462D6678DF00E1BE60 /* CustomCenteredAlertView.swift */,
			);
			path = CustomCenteredAlertView;
			sourceTree = "<group>";
		};
		DBF8652C2D65F62F0098BF48 = {
			isa = PBXGroup;
			children = (
				DBF8654D2D65F64F0098BF48 /* Yandex Maps Test */,
				DB862CC72D66256800B4FA50 /* Frameworks */,
				DBF865362D65F62F0098BF48 /* Products */,
				F7D03913BA588F70D993B3B3 /* Pods */,
			);
			sourceTree = "<group>";
		};
		DBF865362D65F62F0098BF48 /* Products */ = {
			isa = PBXGroup;
			children = (
				DBF865352D65F62F0098BF48 /* Yandex Maps Test.app */,
			);
			name = Products;
			sourceTree = "<group>";
		};
		DBF8654D2D65F64F0098BF48 /* Yandex Maps Test */ = {
			isa = PBXGroup;
			children = (
				DBF865532D65FB2F0098BF48 /* Resources */,
				DBF8656A2D6604A30098BF48 /* Extensions */,
				DBF8655A2D65FC480098BF48 /* Coordinators */,
				DBF865502D65FA4E0098BF48 /* Moduls */,
				DBF865462D65F6310098BF48 /* Info.plist */,
			);
			path = "Yandex Maps Test";
			sourceTree = "<group>";
		};
		DBF865502D65FA4E0098BF48 /* Moduls */ = {
			isa = PBXGroup;
			children = (
				DBF865542D65FB480098BF48 /* Saved */,
				DBF865552D65FB6A0098BF48 /* Location */,
				DB1F39C32D665A3D00296B91 /* SearchResults */,
				DB1F39CD2D66686F00296B91 /* SearchResultDetail */,
				DBAD4C482D668F1B00E1BE60 /* CustomCenteredAlertView */,
			);
			path = Moduls;
			sourceTree = "<group>";
		};
		DBF865532D65FB2F0098BF48 /* Resources */ = {
			isa = PBXGroup;
			children = (
				DBF865382D65F62F0098BF48 /* AppDelegate.swift */,
				DBF8654E2D65FA400098BF48 /* TabbarController.swift */,
				DBF865412D65F6310098BF48 /* Assets.xcassets */,
				DBF865432D65F6310098BF48 /* LaunchScreen.storyboard */,
			);
			path = Resources;
			sourceTree = "<group>";
		};
		DBF865542D65FB480098BF48 /* Saved */ = {
			isa = PBXGroup;
			children = (
				DBF865562D65FB810098BF48 /* SavedViewController.swift */,
				DBF865612D65FCF70098BF48 /* SavedViewModel.swift */,
				DBF865652D6603540098BF48 /* View */,
			);
			path = Saved;
			sourceTree = "<group>";
		};
		DBF865552D65FB6A0098BF48 /* Location */ = {
			isa = PBXGroup;
			children = (
				DBF865582D65FB960098BF48 /* LocationViewController.swift */,
				DBF865632D65FD640098BF48 /* LocationViewModel.swift */,
				DB1F39BE2D664C8800296B91 /* VIew */,
			);
			path = Location;
			sourceTree = "<group>";
		};
		DBF8655A2D65FC480098BF48 /* Coordinators */ = {
			isa = PBXGroup;
			children = (
				DBF8655B2D65FC5A0098BF48 /* Coordinator.swift */,
				DBF8655D2D65FC700098BF48 /* SavedCoordinator.swift */,
				DBF8655F2D65FC980098BF48 /* LocationCoordinator.swift */,
			);
			path = Coordinators;
			sourceTree = "<group>";
		};
		DBF865652D6603540098BF48 /* View */ = {
			isa = PBXGroup;
			children = (
				DBF865662D6603950098BF48 /* SavedView.swift */,
				DBF865682D6603A40098BF48 /* SavedTableVIewCell.swift */,
			);
			path = View;
			sourceTree = "<group>";
		};
		DBF8656A2D6604A30098BF48 /* Extensions */ = {
			isa = PBXGroup;
			children = (
				DB21E3F92D6773BF003CEAC1 /* SearchResult.swift */,
				DBF8656D2D6604FB0098BF48 /* Ex-UITableView.swift */,
				DBF8656B2D6604BF0098BF48 /* Ex-CALayer.swift */,
				DBF8656F2D6605280098BF48 /* Ex-Reusable.swift */,
			);
			path = Extensions;
			sourceTree = "<group>";
		};
		F7D03913BA588F70D993B3B3 /* Pods */ = {
			isa = PBXGroup;
			children = (
				5FB271D13A2D9DB0527EB453 /* Pods-Yandex Maps Test.debug.xcconfig */,
				19503C9EB164C22D18156937 /* Pods-Yandex Maps Test.release.xcconfig */,
			);
			path = Pods;
			sourceTree = "<group>";
		};
/* End PBXGroup section */

/* Begin PBXNativeTarget section */
		DBF865342D65F62F0098BF48 /* Yandex Maps Test */ = {
			isa = PBXNativeTarget;
			buildConfigurationList = DBF865482D65F6310098BF48 /* Build configuration list for PBXNativeTarget "Yandex Maps Test" */;
			buildPhases = (
				86B4584C6607154DE63157AA /* [CP] Check Pods Manifest.lock */,
				DBF865312D65F62F0098BF48 /* Sources */,
				DBF865322D65F62F0098BF48 /* Frameworks */,
				DBF865332D65F62F0098BF48 /* Resources */,
				DC2C8891C9D6E239AD98ECCF /* [CP] Copy Pods Resources */,
			);
			buildRules = (
			);
			dependencies = (
			);
			name = "Yandex Maps Test";
			productName = "Yandex Maps Test";
			productReference = DBF865352D65F62F0098BF48 /* Yandex Maps Test.app */;
			productType = "com.apple.product-type.application";
		};
/* End PBXNativeTarget section */

/* Begin PBXProject section */
		DBF8652D2D65F62F0098BF48 /* Project object */ = {
			isa = PBXProject;
			attributes = {
				BuildIndependentTargetsInParallel = 1;
				LastSwiftUpdateCheck = 1620;
				LastUpgradeCheck = 1620;
				TargetAttributes = {
					DBF865342D65F62F0098BF48 = {
						CreatedOnToolsVersion = 16.2;
					};
				};
			};
			buildConfigurationList = DBF865302D65F62F0098BF48 /* Build configuration list for PBXProject "Yandex Maps Test" */;
			developmentRegion = en;
			hasScannedForEncodings = 0;
			knownRegions = (
				en,
				Base,
			);
			mainGroup = DBF8652C2D65F62F0098BF48;
			minimizedProjectReferenceProxies = 1;
			preferredProjectObjectVersion = 77;
			productRefGroup = DBF865362D65F62F0098BF48 /* Products */;
			projectDirPath = "";
			projectRoot = "";
			targets = (
				DBF865342D65F62F0098BF48 /* Yandex Maps Test */,
			);
		};
/* End PBXProject section */

/* Begin PBXResourcesBuildPhase section */
		DBF865332D65F62F0098BF48 /* Resources */ = {
			isa = PBXResourcesBuildPhase;
			buildActionMask = 2147483647;
			files = (
				DBF865452D65F6310098BF48 /* LaunchScreen.storyboard in Resources */,
				DBF865422D65F6310098BF48 /* Assets.xcassets in Resources */,
			);
			runOnlyForDeploymentPostprocessing = 0;
		};
/* End PBXResourcesBuildPhase section */

/* Begin PBXShellScriptBuildPhase section */
		86B4584C6607154DE63157AA /* [CP] Check Pods Manifest.lock */ = {
			isa = PBXShellScriptBuildPhase;
			buildActionMask = 2147483647;
			files = (
			);
			inputFileListPaths = (
			);
			inputPaths = (
				"${PODS_PODFILE_DIR_PATH}/Podfile.lock",
				"${PODS_ROOT}/Manifest.lock",
			);
			name = "[CP] Check Pods Manifest.lock";
			outputFileListPaths = (
			);
			outputPaths = (
				"$(DERIVED_FILE_DIR)/Pods-Yandex Maps Test-checkManifestLockResult.txt",
			);
			runOnlyForDeploymentPostprocessing = 0;
			shellPath = /bin/sh;
			shellScript = "diff \"${PODS_PODFILE_DIR_PATH}/Podfile.lock\" \"${PODS_ROOT}/Manifest.lock\" > /dev/null\nif [ $? != 0 ] ; then\n    # print error to STDERR\n    echo \"error: The sandbox is not in sync with the Podfile.lock. Run 'pod install' or update your CocoaPods installation.\" >&2\n    exit 1\nfi\n# This output is used by Xcode 'outputs' to avoid re-running this script phase.\necho \"SUCCESS\" > \"${SCRIPT_OUTPUT_FILE_0}\"\n";
			showEnvVarsInLog = 0;
		};
		DC2C8891C9D6E239AD98ECCF /* [CP] Copy Pods Resources */ = {
			isa = PBXShellScriptBuildPhase;
			buildActionMask = 2147483647;
			files = (
			);
			inputFileListPaths = (
				"${PODS_ROOT}/Target Support Files/Pods-Yandex Maps Test/Pods-Yandex Maps Test-resources-${CONFIGURATION}-input-files.xcfilelist",
			);
			name = "[CP] Copy Pods Resources";
			outputFileListPaths = (
				"${PODS_ROOT}/Target Support Files/Pods-Yandex Maps Test/Pods-Yandex Maps Test-resources-${CONFIGURATION}-output-files.xcfilelist",
			);
			runOnlyForDeploymentPostprocessing = 0;
			shellPath = /bin/sh;
			shellScript = "\"${PODS_ROOT}/Target Support Files/Pods-Yandex Maps Test/Pods-Yandex Maps Test-resources.sh\"\n";
			showEnvVarsInLog = 0;
		};
/* End PBXShellScriptBuildPhase section */

/* Begin PBXSourcesBuildPhase section */
		DBF865312D65F62F0098BF48 /* Sources */ = {
			isa = PBXSourcesBuildPhase;
			buildActionMask = 2147483647;
			files = (
				DB1F39D12D6668B700296B91 /* SearchResultDetailViewModel.swift in Sources */,
				DBAD4C4C2D6692B400E1BE60 /* CustomCenteredAlertViewModel.swift in Sources */,
				DB1F39CF2D6668A600296B91 /* SearchResultDetailViewController.swift in Sources */,
				DBF865572D65FB810098BF48 /* SavedViewController.swift in Sources */,
				DB1F39CA2D665D0800296B91 /* SearchResultsView.swift in Sources */,
				DB1F39D42D6668D000296B91 /* SearchResultDetailView.swift in Sources */,
				DBF865392D65F62F0098BF48 /* AppDelegate.swift in Sources */,
				DBF865692D6603AD0098BF48 /* SavedTableVIewCell.swift in Sources */,
				DBF865702D6605290098BF48 /* Ex-Reusable.swift in Sources */,
				DBF8655C2D65FC610098BF48 /* Coordinator.swift in Sources */,
				DBF8655E2D65FC780098BF48 /* SavedCoordinator.swift in Sources */,
				DBF865602D65FC9F0098BF48 /* LocationCoordinator.swift in Sources */,
				DBF8656C2D6604C40098BF48 /* Ex-CALayer.swift in Sources */,
				DBF8654F2D65FA470098BF48 /* TabbarController.swift in Sources */,
				DB1F39CC2D665ECC00296B91 /* SearchResultCell.swift in Sources */,
				DBAD4C4A2D668F6A00E1BE60 /* CustomCenteredAlertViewController.swift in Sources */,
				DB1F39C52D665A5F00296B91 /* SearchResultsViewController.swift in Sources */,
				DBAD4C472D6678E100E1BE60 /* CustomCenteredAlertView.swift in Sources */,
				DBF8656E2D66050E0098BF48 /* Ex-UITableView.swift in Sources */,
				DB1F39C02D664C9800296B91 /* SearchView.swift in Sources */,
				DB21E3FA2D6773C0003CEAC1 /* SearchResult.swift in Sources */,
				DBF865672D66039A0098BF48 /* SavedView.swift in Sources */,
				DBF865622D65FCFE0098BF48 /* SavedViewModel.swift in Sources */,
				DBF865642D65FD6A0098BF48 /* LocationViewModel.swift in Sources */,
				DBF865592D65FB960098BF48 /* LocationViewController.swift in Sources */,
				DB1F39C72D665ABA00296B91 /* SearchResultsViewModel.swift in Sources */,
			);
			runOnlyForDeploymentPostprocessing = 0;
		};
/* End PBXSourcesBuildPhase section */

/* Begin PBXVariantGroup section */
		DBF865432D65F6310098BF48 /* LaunchScreen.storyboard */ = {
			isa = PBXVariantGroup;
			children = (
				DBF865442D65F6310098BF48 /* Base */,
			);
			name = LaunchScreen.storyboard;
			sourceTree = "<group>";
		};
/* End PBXVariantGroup section */

/* Begin XCBuildConfiguration section */
		DBF865492D65F6310098BF48 /* Debug */ = {
			isa = XCBuildConfiguration;
			baseConfigurationReference = 5FB271D13A2D9DB0527EB453 /* Pods-Yandex Maps Test.debug.xcconfig */;
			buildSettings = {
				ASSETCATALOG_COMPILER_APPICON_NAME = AppIcon;
				ASSETCATALOG_COMPILER_GLOBAL_ACCENT_COLOR_NAME = AccentColor;
				CODE_SIGN_STYLE = Automatic;
				CURRENT_PROJECT_VERSION = 1;
				DEVELOPMENT_TEAM = 64UN58Z99B;
				ENABLE_USER_SCRIPT_SANDBOXING = NO;
				GENERATE_INFOPLIST_FILE = YES;
				INFOPLIST_FILE = "Yandex Maps Test/Info.plist";
				INFOPLIST_KEY_UIApplicationSupportsIndirectInputEvents = YES;
				INFOPLIST_KEY_UILaunchStoryboardName = LaunchScreen;
				INFOPLIST_KEY_UISupportedInterfaceOrientations_iPad = "UIInterfaceOrientationPortrait UIInterfaceOrientationPortraitUpsideDown UIInterfaceOrientationLandscapeLeft UIInterfaceOrientationLandscapeRight";
				INFOPLIST_KEY_UISupportedInterfaceOrientations_iPhone = "UIInterfaceOrientationPortrait UIInterfaceOrientationLandscapeLeft UIInterfaceOrientationLandscapeRight";
				IPHONEOS_DEPLOYMENT_TARGET = 16.6;
				LD_RUNPATH_SEARCH_PATHS = (
					"$(inherited)",
					"@executable_path/Frameworks",
				);
				MARKETING_VERSION = 1.0;
				ONLY_ACTIVE_ARCH = YES;
				PRODUCT_BUNDLE_IDENTIFIER = "www.Yandex-Maps-Testtt";
				PRODUCT_NAME = "$(TARGET_NAME)";
				SWIFT_EMIT_LOC_STRINGS = YES;
				SWIFT_VERSION = 5.0;
				TARGETED_DEVICE_FAMILY = "1,2";
			};
			name = Debug;
		};
		DBF8654A2D65F6310098BF48 /* Release */ = {
			isa = XCBuildConfiguration;
			baseConfigurationReference = 19503C9EB164C22D18156937 /* Pods-Yandex Maps Test.release.xcconfig */;
			buildSettings = {
				ASSETCATALOG_COMPILER_APPICON_NAME = AppIcon;
				ASSETCATALOG_COMPILER_GLOBAL_ACCENT_COLOR_NAME = AccentColor;
				CODE_SIGN_STYLE = Automatic;
				CURRENT_PROJECT_VERSION = 1;
				DEVELOPMENT_TEAM = 64UN58Z99B;
				ENABLE_USER_SCRIPT_SANDBOXING = NO;
				GENERATE_INFOPLIST_FILE = YES;
				INFOPLIST_FILE = "Yandex Maps Test/Info.plist";
				INFOPLIST_KEY_UIApplicationSupportsIndirectInputEvents = YES;
				INFOPLIST_KEY_UILaunchStoryboardName = LaunchScreen;
				INFOPLIST_KEY_UISupportedInterfaceOrientations_iPad = "UIInterfaceOrientationPortrait UIInterfaceOrientationPortraitUpsideDown UIInterfaceOrientationLandscapeLeft UIInterfaceOrientationLandscapeRight";
				INFOPLIST_KEY_UISupportedInterfaceOrientations_iPhone = "UIInterfaceOrientationPortrait UIInterfaceOrientationLandscapeLeft UIInterfaceOrientationLandscapeRight";
				IPHONEOS_DEPLOYMENT_TARGET = 16.6;
				LD_RUNPATH_SEARCH_PATHS = (
					"$(inherited)",
					"@executable_path/Frameworks",
				);
				MARKETING_VERSION = 1.0;
				ONLY_ACTIVE_ARCH = YES;
				PRODUCT_BUNDLE_IDENTIFIER = "www.Yandex-Maps-Testtt";
				PRODUCT_NAME = "$(TARGET_NAME)";
				SWIFT_EMIT_LOC_STRINGS = YES;
				SWIFT_VERSION = 5.0;
				TARGETED_DEVICE_FAMILY = "1,2";
			};
			name = Release;
		};
		DBF8654B2D65F6310098BF48 /* Debug */ = {
			isa = XCBuildConfiguration;
			buildSettings = {
				ALWAYS_SEARCH_USER_PATHS = NO;
				ASSETCATALOG_COMPILER_GENERATE_SWIFT_ASSET_SYMBOL_EXTENSIONS = YES;
				CLANG_ANALYZER_NONNULL = YES;
				CLANG_ANALYZER_NUMBER_OBJECT_CONVERSION = YES_AGGRESSIVE;
				CLANG_CXX_LANGUAGE_STANDARD = "gnu++20";
				CLANG_ENABLE_MODULES = YES;
				CLANG_ENABLE_OBJC_ARC = YES;
				CLANG_ENABLE_OBJC_WEAK = YES;
				CLANG_WARN_BLOCK_CAPTURE_AUTORELEASING = YES;
				CLANG_WARN_BOOL_CONVERSION = YES;
				CLANG_WARN_COMMA = YES;
				CLANG_WARN_CONSTANT_CONVERSION = YES;
				CLANG_WARN_DEPRECATED_OBJC_IMPLEMENTATIONS = YES;
				CLANG_WARN_DIRECT_OBJC_ISA_USAGE = YES_ERROR;
				CLANG_WARN_DOCUMENTATION_COMMENTS = YES;
				CLANG_WARN_EMPTY_BODY = YES;
				CLANG_WARN_ENUM_CONVERSION = YES;
				CLANG_WARN_INFINITE_RECURSION = YES;
				CLANG_WARN_INT_CONVERSION = YES;
				CLANG_WARN_NON_LITERAL_NULL_CONVERSION = YES;
				CLANG_WARN_OBJC_IMPLICIT_RETAIN_SELF = YES;
				CLANG_WARN_OBJC_LITERAL_CONVERSION = YES;
				CLANG_WARN_OBJC_ROOT_CLASS = YES_ERROR;
				CLANG_WARN_QUOTED_INCLUDE_IN_FRAMEWORK_HEADER = YES;
				CLANG_WARN_RANGE_LOOP_ANALYSIS = YES;
				CLANG_WARN_STRICT_PROTOTYPES = YES;
				CLANG_WARN_SUSPICIOUS_MOVE = YES;
				CLANG_WARN_UNGUARDED_AVAILABILITY = YES_AGGRESSIVE;
				CLANG_WARN_UNREACHABLE_CODE = YES;
				CLANG_WARN__DUPLICATE_METHOD_MATCH = YES;
				COPY_PHASE_STRIP = NO;
				DEBUG_INFORMATION_FORMAT = dwarf;
				ENABLE_STRICT_OBJC_MSGSEND = YES;
				ENABLE_TESTABILITY = YES;
				ENABLE_USER_SCRIPT_SANDBOXING = YES;
				GCC_C_LANGUAGE_STANDARD = gnu17;
				GCC_DYNAMIC_NO_PIC = NO;
				GCC_NO_COMMON_BLOCKS = YES;
				GCC_OPTIMIZATION_LEVEL = 0;
				GCC_PREPROCESSOR_DEFINITIONS = (
					"DEBUG=1",
					"$(inherited)",
				);
				GCC_WARN_64_TO_32_BIT_CONVERSION = YES;
				GCC_WARN_ABOUT_RETURN_TYPE = YES_ERROR;
				GCC_WARN_UNDECLARED_SELECTOR = YES;
				GCC_WARN_UNINITIALIZED_AUTOS = YES_AGGRESSIVE;
				GCC_WARN_UNUSED_FUNCTION = YES;
				GCC_WARN_UNUSED_VARIABLE = YES;
				IPHONEOS_DEPLOYMENT_TARGET = 18.2;
				LOCALIZATION_PREFERS_STRING_CATALOGS = YES;
				MTL_ENABLE_DEBUG_INFO = INCLUDE_SOURCE;
				MTL_FAST_MATH = YES;
				ONLY_ACTIVE_ARCH = YES;
				SDKROOT = iphoneos;
				SWIFT_ACTIVE_COMPILATION_CONDITIONS = "DEBUG $(inherited)";
				SWIFT_OPTIMIZATION_LEVEL = "-Onone";
			};
			name = Debug;
		};
		DBF8654C2D65F6310098BF48 /* Release */ = {
			isa = XCBuildConfiguration;
			buildSettings = {
				ALWAYS_SEARCH_USER_PATHS = NO;
				ASSETCATALOG_COMPILER_GENERATE_SWIFT_ASSET_SYMBOL_EXTENSIONS = YES;
				CLANG_ANALYZER_NONNULL = YES;
				CLANG_ANALYZER_NUMBER_OBJECT_CONVERSION = YES_AGGRESSIVE;
				CLANG_CXX_LANGUAGE_STANDARD = "gnu++20";
				CLANG_ENABLE_MODULES = YES;
				CLANG_ENABLE_OBJC_ARC = YES;
				CLANG_ENABLE_OBJC_WEAK = YES;
				CLANG_WARN_BLOCK_CAPTURE_AUTORELEASING = YES;
				CLANG_WARN_BOOL_CONVERSION = YES;
				CLANG_WARN_COMMA = YES;
				CLANG_WARN_CONSTANT_CONVERSION = YES;
				CLANG_WARN_DEPRECATED_OBJC_IMPLEMENTATIONS = YES;
				CLANG_WARN_DIRECT_OBJC_ISA_USAGE = YES_ERROR;
				CLANG_WARN_DOCUMENTATION_COMMENTS = YES;
				CLANG_WARN_EMPTY_BODY = YES;
				CLANG_WARN_ENUM_CONVERSION = YES;
				CLANG_WARN_INFINITE_RECURSION = YES;
				CLANG_WARN_INT_CONVERSION = YES;
				CLANG_WARN_NON_LITERAL_NULL_CONVERSION = YES;
				CLANG_WARN_OBJC_IMPLICIT_RETAIN_SELF = YES;
				CLANG_WARN_OBJC_LITERAL_CONVERSION = YES;
				CLANG_WARN_OBJC_ROOT_CLASS = YES_ERROR;
				CLANG_WARN_QUOTED_INCLUDE_IN_FRAMEWORK_HEADER = YES;
				CLANG_WARN_RANGE_LOOP_ANALYSIS = YES;
				CLANG_WARN_STRICT_PROTOTYPES = YES;
				CLANG_WARN_SUSPICIOUS_MOVE = YES;
				CLANG_WARN_UNGUARDED_AVAILABILITY = YES_AGGRESSIVE;
				CLANG_WARN_UNREACHABLE_CODE = YES;
				CLANG_WARN__DUPLICATE_METHOD_MATCH = YES;
				COPY_PHASE_STRIP = NO;
				DEBUG_INFORMATION_FORMAT = "dwarf-with-dsym";
				ENABLE_NS_ASSERTIONS = NO;
				ENABLE_STRICT_OBJC_MSGSEND = YES;
				ENABLE_USER_SCRIPT_SANDBOXING = YES;
				GCC_C_LANGUAGE_STANDARD = gnu17;
				GCC_NO_COMMON_BLOCKS = YES;
				GCC_WARN_64_TO_32_BIT_CONVERSION = YES;
				GCC_WARN_ABOUT_RETURN_TYPE = YES_ERROR;
				GCC_WARN_UNDECLARED_SELECTOR = YES;
				GCC_WARN_UNINITIALIZED_AUTOS = YES_AGGRESSIVE;
				GCC_WARN_UNUSED_FUNCTION = YES;
				GCC_WARN_UNUSED_VARIABLE = YES;
				IPHONEOS_DEPLOYMENT_TARGET = 18.2;
				LOCALIZATION_PREFERS_STRING_CATALOGS = YES;
				MTL_ENABLE_DEBUG_INFO = NO;
				MTL_FAST_MATH = YES;
				SDKROOT = iphoneos;
				SWIFT_COMPILATION_MODE = wholemodule;
				VALIDATE_PRODUCT = YES;
			};
			name = Release;
		};
/* End XCBuildConfiguration section */

/* Begin XCConfigurationList section */
		DBF865302D65F62F0098BF48 /* Build configuration list for PBXProject "Yandex Maps Test" */ = {
			isa = XCConfigurationList;
			buildConfigurations = (
				DBF8654B2D65F6310098BF48 /* Debug */,
				DBF8654C2D65F6310098BF48 /* Release */,
			);
			defaultConfigurationIsVisible = 0;
			defaultConfigurationName = Release;
		};
		DBF865482D65F6310098BF48 /* Build configuration list for PBXNativeTarget "Yandex Maps Test" */ = {
			isa = XCConfigurationList;
			buildConfigurations = (
				DBF865492D65F6310098BF48 /* Debug */,
				DBF8654A2D65F6310098BF48 /* Release */,
			);
			defaultConfigurationIsVisible = 0;
			defaultConfigurationName = Release;
		};
/* End XCConfigurationList section */
	};
	rootObject = DBF8652D2D65F62F0098BF48 /* Project object */;
}
